
Microsoft Visual Studio Solution File, Format Version 12.00
# Visual Studio Version 16
VisualStudioVersion = 16.0.29911.84
MinimumVisualStudioVersion = 10.0.40219.1
Project("{FAE04EC0-301F-11D3-BF4B-00C04F79EFBC}") = "DisaBioModel", "DisaBioModel\DisaBioModel.csproj", "{D18FCF56-E6A0-4E41-811D-B2D00BF73817}"
EndProject
Global
	GlobalSection(SolutionConfigurationPlatforms) = preSolution
		Debug|Any CPU = Debug|Any CPU
		Release|Any CPU = Release|Any CPU
	EndGlobalSection
	GlobalSection(ProjectConfigurationPlatforms) = postSolution
		{D18FCF56-E6A0-4E41-811D-B2D00BF73817}.Debug|Any CPU.ActiveCfg = Debug|Any CPU
		{D18FCF56-E6A0-4E41-811D-B2D00BF73817}.Debug|Any CPU.Build.0 = Debug|Any CPU
		{D18FCF56-E6A0-4E41-811D-B2D00BF73817}.Release|Any CPU.ActiveCfg = Release|Any CPU
		{D18FCF56-E6A0-4E41-811D-B2D00BF73817}.Release|Any CPU.Build.0 = Release|Any CPU
	EndGlobalSection
	GlobalSection(SolutionProperties) = preSolution
		HideSolutionNode = FALSE
	EndGlobalSection
	GlobalSection(ExtensibilityGlobals) = postSolution
		SolutionGuid = {937E3C7E-7AB2-455B-B209-E1AACEE81873}
	EndGlobalSection
EndGlobal
